{
  "name": "onebe-price-simulator",
  "version": "1.0.0",
  "lockfileVersion": 3,
  "requires": true,
  "packages": {
    "": {
      "name": "onebe-price-simulator",
      "version": "1.0.0",
      "dependencies": {
        "lucide-react": "^1.30.0",
        "react": "^19.2.8",
        "react-dom": "^19.2.8"
      },
      "devDependencies": {
        "@eslint/js": "^10.0.1",
        "@testing-library/react": "^16.3.2",
        "@testing-library/user-event": "^14.6.3",
        "@types/react": "^19.2.18",
        "@types/react-dom": "^19.2.4",
        "@vitejs/plugin-react": "^6.0.5",
        "autoprefixer": "^10.5.4",
        "eslint": "^10.8.0",
        "eslint-plugin-react-hooks": "^7.1.1",
        "eslint-plugin-react-refresh": "^0.5.3",
        "globals": "^17.9.0",
        "jsdom": "^30.0.1",
        "postcss": "^8.5.26",
        "tailwindcss": "^3.4.17",
        "typescript": "^5.9.3",
        "typescript-eslint": "^8.66.0",
        "vite": "^8.2.1",
        "vitest": "^4.1.10"
      }
    },
    "node_modules/@alloc/quick-lru": {
      "version": "5.2.0",
      "resolved": "https://registry.npmjs.org/@alloc/quick-lru/-/quick-lru-5.2.0.tgz",
      "integrity": "sha512-UrcABB+4bUrFABwbluTIBErXwvbsU/V7TZWfmbgJfbkwiBuziS9gxdODUyuiecfdGQ85jglMW6juS3+z5TsKLw==",
      "dev": true,
      "license": "MIT",
      "engines": {
        "node": ">=10"
      },
      "funding": {
        "url": "https://github.com/sponsors/sindresorhus"
      }
    },
    "node_modules/@asamuzakjp/css-color": {
      "version": "6.0.5",
      "resolved": "https://registry.npmjs.org/@asamuzakjp/css-color/-/css-color-6.0.5.tgz",
      "integrity": "sha512-mbhpPMmnw/kwW19aRNmSUl1QzLbdGo1SCuE49BT98MNwqF6zaHb3o2owssFc/PEO/4t2UjqtCNwocuDtJornzA==",
      "dev": true,
      "license": "MIT",
      "dependencies": {
        "@csstools/css-calc": "^3.2.1",
        "@csstools/css-color-parser": "^4.1.9",
        "@csstools/css-parser-algorithms": "^4.0.0",
        "@csstools/css-tokenizer": "^4.0.0",
        "lru-cache": "^11.5.2"
      },
      "engines": {
        "node": "^22.13.0 || >=24.0.0"
      }
    },
    "node_modules/@asamuzakjp/css-color/node_modules/lru-cache": {
      "version": "11.5.2",
      "resolved": "https://registry.npmjs.org/lru-cache/-/lru-cache-11.5.2.tgz",
      "integrity": "sha512-4pfM1Ff0x50o0tQwb5ucw/RzNyD0/YJME6IVcStalZuMWxdt3sR3huStTtxz4PUmvZfRguvDejasvQ2kifR11g==",
      "dev": true,
      "license": "BlueOak-1.0.0",
      "engines": {
        "node": "20 || >=22"
      }
    },
    "node_modules/@asamuzakjp/dom-selector": {
      "version": "8.3.2",
      "resolved": "https://registry.npmjs.org/@asamuzakjp/dom-selector/-/dom-selector-8.3.2.tgz",
      "integrity": "sha512-93Z1N+BQNXysodoicpOIyNh2drHfz/CTf9nnT0FEx72GJcIiwgydD7tGAr78j41LsYn3hlRn+LdGPuBLn1Bl8Q==",
      "dev": true,
      "license": "MIT",
      "dependencies": {
        "bidi-js": "^1.0.3",
        "css-tree": "^3.2.1",
        "is-potential-custom-element-name": "^1.0.1",
        "lru-cache": "^11.5.2"
      },
      "engines": {
        "node": "^22.13.0 || >=24.0.0"
      }
    },
    "node_modules/@asamuzakjp/dom-selector/node_modules/lru-cache": {
      "version": "11.5.2",
      "resolved": "https://registry.npmjs.org/lru-cache/-/lru-cache-11.5.2.tgz",
      "integrity": "sha512-4pfM1Ff0x50o0tQwb5ucw/RzNyD0/YJME6IVcStalZuMWxdt3sR3huStTtxz4PUmvZfRguvDejasvQ2kifR11g==",
      "dev": true,
      "license": "BlueOak-1.0.0",
      "engines": {
        "node": "20 || >=22"
      }
    },
    "node_modules/@babel/code-frame": {
      "version": "7.29.7",
      "resolved": "https://registry.npmjs.org/@babel/code-frame/-/code-frame-7.29.7.tgz",
      "integrity": "sha512-Aup7aUOfpbAUg2ROOJN6Iw5f9DMBlzu0mIkm/malLQFN/YQgO48wCj0Kxa3sEHJvPVFg7siR+qRInwXd2qhQKw==",
      "dev": true,
      "license": "MIT",
      "dependencies": {
        "@babel/helper-validator-identifier": "^7.29.7",
        "js-tokens": "^4.0.0",
        "picocolors": "^1.1.1"
      },
      "engines": {
        "node": ">=6.9.0"
      }
    },
    "node_modules/@babel/compat-data": {
      "version": "7.29.7",
      "resolved": "https://registry.npmjs.org/@babel/compat-data/-/compat-data-7.29.7.tgz",
      "integrity": "sha512-locTkQyKvwIEgBzVrn8693ebc97F2U8ZHjbXwDXJ5Fn2TCpNwTlKcaKLkdHop5c/icOFE7qt7Q9JC5hnKNa6Gg==",
      "dev": true,
      "license": "MIT",
      "engines": {
        "node": ">=6.9.0"
      }
    },
    "node_modules/@babel/core": {
      "version": "7.29.7",
      "resolved": "https://registry.npmjs.org/@babel/core/-/core-7.29.7.tgz",
      "integrity": "sha512-RgHBCvtjbOK2gXSNBNIkNoEc9qoVEtau3hj8gEqKQuL3HZAibKarWFEI3Lfm6EYKkLalOh8eSrj9b+ch9H/VBA==",
      "dev": true,
      "license": "MIT",
      "dependencies": {
        "@babel/code-frame": "^7.29.7",
        "@babel/generator": "^7.29.7",
        "@babel/helper-compilation-targets": "^7.29.7",
        "@babel/helper-module-transforms": "^7.29.7",
        "@babel/helpers": "^7.29.7",
        "@babel/parser": "^7.29.7",
        "@babel/template": "^7.29.7",
        "@babel/traverse": "^7.29.7",
        "@babel/types": "^7.29.7",
        "@jridgewell/remapping": "^2.3.5",
        "convert-source-map": "^2.0.0",
        "debug": "^4.1.0",
        "gensync": "^1.0.0-beta.2",
        "json5": "^2.2.3",
        "semver": "^6.3.1"
      },
      "engines": {
        "node": ">=6.9.0"
      },
      "funding": {
        "type": "opencollective",
        "url": "https://opencollective.com/babel"
      }
    },
    "node_modules/@babel/generator": {
      "version": "7.29.8",
      "resolved": "https://registry.npmjs.org/@babel/generator/-/generator-7.29.8.tgz",
      "integrity": "sha512-gZbepsdh3WDtgZKWL+vTPh71LSBrm/Y4/QDZBVCcYfmeTEEuoOYwlSy+G1StfJg+/Zy550u/3TATbm7qDbbMtg==",
      "dev": true,
      "license": "MIT",
      "dependencies": {
        "@babel/parser": "^7.29.8",
        "@babel/types": "^7.29.8",
        "@jridgewell/gen-mapping": "^0.3.12",
        "@jridgewell/trace-mapping": "^0.3.28",
        "jsesc": "^3.0.2"
      },
      "engines": {
        "node": ">=6.9.0"
      }
    },
    "node_modules/@babel/helper-compilation-targets": {
      "version": "7.29.7",
      "resolved": "https://registry.npmjs.org/@babel/helper-compilation-targets/-/helper-compilation-targets-7.29.7.tgz",
      "integrity": "sha512-wem6WaBj4NaVYVdNhLPPVacES6ZJ+KBBfSkTMD3YZxbP3rm3Di85tJU5ljaUNhaOynt+Aj0xruhYuzQBt8n71g==",
      "dev": true,
      "license": "MIT",
      "dependencies": {
        "@babel/compat-data": "^7.29.7",
        "@babel/helper-validator-option": "^7.29.7",
        "browserslist": "^4.24.0",
        "lru-cache": "^5.1.1",
        "semver": "^6.3.1"
      },
      "engines": {
        "node": ">=6.9.0"
      }
    },
    "node_modules/@babel/helper-globals": {
      "version": "7.29.7",
      "resolved": "https://registry.npmjs.org/@babel/helper-globals/-/helper-globals-7.29.7.tgz",
      "integrity": "sha512-3nQVUAtvkKH9zahfWgw96Jc/uFOmjACE1kQz82E2lqWmHBgjzbNlsC22nuQTfahmWeQtTq5nQ/4Nnd2A1wj4zA==",
      "dev": true,
      "license": "MIT",
      "engines": {
        "node": ">=6.9.0"
      }
    },
    "node_modules/@babel/helper-module-imports": {
      "version": "7.29.7",
      "resolved": "https://registry.npmjs.org/@babel/helper-module-imports/-/helper-module-imports-7.29.7.tgz",
      "integrity": "sha512-ejHwrQQYcm9xnTivShn2IDOlIzInN34AXskvq9QicvCtEzq1Vzclu/tKF8Jq1Cg8JG2GL6/EmjgsCT7lXepE3g==",
      "dev": true,
      "license": "MIT",
      "dependencies": {
        "@babel/traverse": "^7.29.7",
        "@babel/types": "^7.29.7"
      },
      "engines": {
        "node": ">=6.9.0"
      }
    },
    "node_modules/@babel/helper-module-transforms": {
      "version": "7.29.7",
      "resolved": "https://registry.npmjs.org/@babel/helper-module-transforms/-/helper-module-transforms-7.29.7.tgz",
      "integrity": "sha512-UPUVSyXbOh627KiCIGQSgwWzGeBKLkaJ9PJEdrngIwMSzxLR4jS4+f1f1jb7VzBbg8nFLaYotvVPFCTqdrmTAg==",
      "dev": true,
      "license": "MIT",
      "dependencies": {
        "@babel/helper-module-imports": "^7.29.7",
        "@babel/helper-validator-identifier": "^7.29.7",
        "@babel/traverse": "^7.29.7"
      },
      "engines": {
        "node": ">=6.9.0"
      },
      "peerDependencies": {
        "@babel/core": "^7.0.0"
      }
    },
    "node_modules/@babel/helper-string-parser": {
      "version": "7.29.7",
      "resolved": "https://registry.npmjs.org/@babel/helper-string-parser/-/helper-string-parser-7.29.7.tgz",
      "integrity": "sha512-Pb5ijPrZ89GDH8223L4UP8i6QApWxs04RbPQJTeWDV0/keR2E36MeKnyr6LYmUUvqRRI+Iv87SuF1W6ErINzYw==",
      "dev": true,
      "license": "MIT",
      "engines": {
        "node": ">=6.9.0"
      }
    },
    "node_modules/@babel/helper-validator-identifier": {
      "version": "7.29.7",
      "resolved": "https://registry.npmjs.org/@babel/helper-validator-identifier/-/helper-validator-identifier-7.29.7.tgz",
      "integrity": "sha512-qehxGkRj55h/ff8EMaJ+cYhyaKlHIxqYDn682wQD7RNp9UujOQsHog2uS0r2vzr4pW+sXf90NeeayjcNaX3fFg==",
      "dev": true,
      "license": "MIT",
      "engines": {
        "node": ">=6.9.0"
      }
    },
    "node_modules/@babel/helper-validator-option": {
      "version": "7.29.7",
      "resolved": "https://registry.npmjs.org/@babel/helper-validator-option/-/helper-validator-option-7.29.7.tgz",
      "integrity": "sha512-N9ZErrD+yW5geCDtBqnOoxmR8+tNKiGuxKlDpuJxfsqpa2dFcexaziGAE/qoHLiDDreVNMupxGmSoNlyvsA3gw==",
      "dev": true,
      "license": "MIT",
      "engines": {
        "node": ">=6.9.0"
      }
    },
    "node_modules/@babel/helpers": {
      "version": "7.29.7",
      "resolved": "https://registry.npmjs.org/@babel/helpers/-/helpers-7.29.7.tgz",
      "integrity": "sha512-1k2lAGRMfHTcwuNYcCNUmaUffmQv8KWMfh2iJUUeRlwlwH4FdNG7mfPI10NPfLHJFThE4Tyr4mv7kTNZOiPuBg==",
      "dev": true,
      "license": "MIT",
      "dependencies": {
        "@babel/template": "^7.29.7",
        "@babel/types": "^7.29.7"
      },
      "engines": {
        "node": ">=6.9.0"
      }
    },
    "node_modules/@babel/parser": {
      "version": "7.29.8",
      "resolved": "https://registry.npmjs.org/@babel/parser/-/parser-7.29.8.tgz",
      "integrity": "sha512-E8lTAYNB1KW+FH+VGJuZM1ioAx2E6oVlvQFRrf5P8ZZmsiJXYAD9vTFV7yyEURNzgh1dFqMZuO6tUwcARbqFCA==",
      "dev": true,
      "license": "MIT",
      "dependencies": {
        "@babel/types": "^7.29.8"
      },
      "bin": {
        "parser": "bin/babel-parser.js"
      },
      "engines": {
        "node": ">=6.0.0"
      }
    },
    "node_modules/@babel/runtime": {
      "version": "7.29.7",
      "resolved": "https://registry.npmjs.org/@babel/runtime/-/runtime-7.29.7.tgz",
      "integrity": "sha512-Nq8OhGWiZIZGV6hLHoyAKLLcJihP/xFeBMGJoUrxTX2psI8dCifzLhZISFb+VWS3wFMRDmCGw5R+dOySCqPLhw==",
      "dev": true,
      "license": "MIT",
      "engines": {
        "node": ">=6.9.0"
      }
    },
    "node_modules/@babel/template": {
      "version": "7.29.7",
      "resolved": "https://registry.npmjs.org/@babel/template/-/template-7.29.7.tgz",
      "integrity": "sha512-puq+Gf35oI24FeN11LkoUQFqv9uwNeWpxXZi/Ji3rRIoKAzKnxRaZ+Gkj0vKS9ZCiTESfng1N9LyOyXvo+m+Gg==",
      "dev": true,
      "license": "MIT",
      "dependencies": {
        "@babel/code-frame": "^7.29.7",
        "@babel/parser": "^7.29.7",
        "@babel/types": "^7.29.7"
      },
      "engines": {
        "node": ">=6.9.0"
      }
    },
    "node_modules/@babel/traverse": {
      "version": "7.29.8",
      "resolved": "https://registry.npmjs.org/@babel/traverse/-/traverse-7.29.8.tgz",
      "integrity": "sha512-I5z7H3bf/41ktsNVLtpN0wAa336HkqIHQ5BuPLEhTkt1jVSyZpeNKIzTgEWmlxjdg81R0IgUCcaE+Ok3NvrfZg==",
      "dev": true,
      "license": "MIT",
      "dependencies": {
        "@babel/code-frame": "^7.29.7",
        "@babel/generator": "^7.29.8",
        "@babel/helper-globals": "^7.29.7",
        "@babel/parser": "^7.29.8",
        "@babel/template": "^7.29.7",
        "@babel/types": "^7.29.8",
        "debug": "^4.3.1"
      },
      "engines": {
        "node": ">=6.9.0"
      }
    },
    "node_modules/@babel/types": {
      "version": "7.29.8",
      "resolved": "https://registry.npmjs.org/@babel/types/-/types-7.29.8.tgz",
      "integrity": "sha512-Vj1jF3cPfxg7OAfoI7QnVKLoILlm2JF9pnVHrX8qx7AHMiYWT+NDAA7jChlNgRS4WTLc/fD1lXLmPixluj+3Gg==",
      "dev": true,
      "license": "MIT",
      "dependencies": {
        "@babel/helper-string-parser": "^7.29.7",
        "@babel/helper-validator-identifier": "^7.29.7"
      },
      "engines": {
        "node": ">=6.9.0"
      }
    },
    "node_modules/@bramus/specificity": {
      "version": "2.4.2",
      "resolved": "https://registry.npmjs.org/@bramus/specificity/-/specificity-2.4.2.tgz",
      "integrity": "sha512-ctxtJ/eA+t+6q2++vj5j7FYX3nRu311q1wfYH3xjlLOsczhlhxAg2FWNUXhpGvAw3BWo1xBcvOV6/YLc2r5FJw==",
      "dev": true,
      "license": "MIT",
      "dependencies": {
        "css-tree": "^3.0.0"
      },
      "bin": {
        "specificity": "bin/cli.js"
      }
    },
    "node_modules/@csstools/color-helpers": {
      "version": "6.1.0",
      "resolved": "https://registry.npmjs.org/@csstools/color-helpers/-/color-helpers-6.1.0.tgz",
      "integrity": "sha512-064IFJdjTfUqnjpCVpMOdbr8FLQBhinbZj6yRv2An2E41O/pLEXqfFRWqGq/SxlE5PEUYTlvWsG2r8MswAVvkg==",
      "dev": true,
      "funding": [
        {
          "type": "github",
          "url": "https://github.com/sponsors/csstools"
        },
        {
          "type": "opencollective",
          "url": "https://opencollective.com/csstools"
        }
      ],
      "license": "MIT-0",
      "engines": {
        "node": ">=20.19.0"
      }
    },
    "node_modules/@csstools/css-calc": {
      "version": "3.3.0",
      "resolved": "https://registry.npmjs.org/@csstools/css-calc/-/css-calc-3.3.0.tgz",
      "integrity": "sha512-c5ihYsPkdG6JCkU2zTMm4+k6r7RXuGxtWYhu5DHMIiF1FHzrfmHL5so11AoFpUv/tu61xfcmT4AmKoFfMPoqdQ==",
      "dev": true,
      "funding": [
        {
          "type": "github",
          "url": "https://github.com/sponsors/csstools"
        },
        {
          "type": "opencollective",
          "url": "https://opencollective.com/csstools"
        }
      ],
      "license": "MIT",
      "engines": {
        "node": ">=20.19.0"
      },
      "peerDependencies": {
        "@csstools/css-parser-algorithms": "^4.0.0",
        "@csstools/css-tokenizer": "^4.0.0"
      }
    },
    "node_modules/@csstools/css-color-parser": {
      "version": "4.1.10",
      "resolved": "https://registry.npmjs.org/@csstools/css-color-parser/-/css-color-parser-4.1.10.tgz",
      "integrity": "sha512-UZhQLIUyJaaMepqehrCODwCg2KW25vFvLWBmqYFaPclYvvxzj/sG8LBOhBFCp11i9uE7t1EyS+RAoV9tztPFyw==",
      "dev": true,
      "funding": [
        {
          "type": "github",
          "url": "https://github.com/sponsors/csstools"
        },
        {
          "type": "opencollective",
          "url": "https://opencollective.com/csstools"
        }
 ã~<ÚÚ$z{-®éÜj×‡GG3¢ò÷&Vv—7G'’æçÖ§2æ÷&r÷G—RÖ6†V6²òÒ÷G—RÖ6†V6²ÓãBãçFw¢"À¢&–çFVw&—G’#¢'6†S"Õ†ÆUVö3—Wtu‡¥wu†UE¤×¤Ö4e£SƒS…'ggƒW#W„–6—…„•³„ÆädFu'ÅS3W3gFWFÇ6´fgR¶SD³s”ööWsÓÒ"À¢&FWb#¢G'VRÀ¢&Æ–6Vç6R#¢$Ô•B"À¢&FWVæFVæ6–W2#¢°¢'&VÇVFRÖÇ2#¢%ãã"ã ¢ÒÀ¢&Væv–æW2#¢°¢&æöFR#¢#ãÒã‚ã ¢Ð¢ÒÀ¢&æöFUöÖöGVÆW2÷G—W67&—B#¢°¢'fW'6–öâ#¢#Rã’ã2"À¢'&W6öÇfVB#¢&‡GG3¢ò÷&Vv—7G'’æçÖ§2æ÷&r÷G—W67&—BòÒ÷G—W67&—BÓRã’ã2çFw¢"À¢&–çFVw&—G’#¢'6†S"Ö¦Ãe§¥F–äÇ#–UWC4¢÷CucdftäWs•§d%G—7£”¶eDCCe$3%“GdµF–WeCF%†Æ#$†„Ç‡wFÓdÓUFu7sÓÒ"À¢&FWb#¢G'VRÀ¢&Æ–6Vç6R#¢$6†RÓ"ã"À¢&&–â#¢°¢'G62#¢&&–â÷G62"À¢'G76W'fW"#¢&&–â÷G76W'fW" ¢ÒÀ¢&Væv–æW2#¢°¢&æöFR#¢#ãÓBãr ¢Ð¢ÒÀ¢&æöFUöÖöGVÆW2÷G—W67&—BÖW6Æ–çB#¢°¢'fW'6–öâ#¢#‚ãcbã"À¢'&W6öÇfVB#¢&‡GG3¢ò÷&Vv—7G'’æçÖ§2æ÷&r÷G—W67&—BÖW6Æ–çBòÒ÷G—W67&—BÖW6Æ–çBÓ‚ãcbãçFw¢"À¢&–çFVw&—G’#¢'6†S"ÕÄV$%¢õ'T£…T†£#–æÓ7Cbôòö56ÄVæçF÷§õ”†æåDt„fÖäÔ'SV“•fãgf…U„t¥"µfÂ³T£‡eâô$ÕW$§sÓÒ"À¢&FWb#¢G'VRÀ¢&Æ–6Vç6R#¢$Ô•B"À¢&FWVæFVæ6–W2#¢°¢$G—W67&—BÖW6Æ–çBöW6Æ–çB×ÇVv–â#¢#‚ãcbã"À¢$G—W67&—BÖW6Æ–çB÷'6W"#¢#‚ãcbã"À¢$G—W67&—BÖW6Æ–çB÷G—W67&—BÖW7G&VR#¢#‚ãcbã"À¢$G—W67&—BÖW6Æ–çB÷WF–Ç2#¢#‚ãcbã ¢ÒÀ¢&Væv–æW2#¢°¢&æöFR#¢%ã‚ã‚ãÇÂã#ã’ãÇÂãÓ#ãã ¢ÒÀ¢&gVæF–ær#¢°¢'G—R#¢&÷Væ6öÆÆV7F—fR"À¢'W&Â#¢&‡GG3¢òö÷Væ6öÆÆV7F—fRæ6öÒ÷G—W67&—BÖW6Æ–çB ¢ÒÀ¢'VW$FWVæFVæ6–W2#¢°¢&W6Æ–çB#¢%ã‚ãSrãÇÂã’ããÇÂããã"À¢'G—W67&—B#¢#ãÓBã‚ãBÃbãã ¢Ð¢ÒÀ¢&æöFUöÖöGVÆW2÷VæF–6’#¢°¢'fW'6–öâ#¢#‚ãã"À¢'&W6öÇfVB#¢&‡GG3¢ò÷&Vv—7G'’æçÖ§2æ÷&r÷VæF–6’òÒ÷VæF–6’Ó‚ããçFw¢"À¢&–çFVw&—G’#¢'6†S"Ô‡fÇD†Cvd³5—röôÆSGôôÇ–õe6ög£&¥”÷'DÕ$&¶%•C3V”%„óV…$µ¦”U¤4ÔW”Äeä”Gt5t3VdÇe•ÓÒ"À¢&FWb#¢G'VRÀ¢&Æ–6Vç6R#¢$Ô•B"À¢&Væv–æW2#¢°¢&æöFR#¢#ãÓ#"ã’ã ¢Ð¢ÒÀ¢&æöFUöÖöGVÆW2÷WFFRÖ'&÷w6W'6Æ—7BÖF"#¢°¢'fW'6–öâ#¢#ã2ã"À¢'&W6öÇfVB#¢&‡GG3¢ò÷&Vv—7G'’æçÖ§2æ÷&r÷WFFRÖ'&÷w6W'6Æ—7BÖF"òÒ÷WFFRÖ'&÷w6W'6Æ—7BÖF"Óã2ãçFw¢"À¢&–çFVw&—G’#¢'6†S"×‚ôÓg7sE–'“4æ3E3c•VæÆ—#4'¥'õCdÅv&·6§Fƒ2ò¶¦†f§5v§BõFWwC†£–TÄ–ö¥VcV§##•vW‡D‡&ôÓÒ"À¢&FWb#¢G'VRÀ¢&gVæF–ær#¢°¢°¢'G—R#¢&÷Væ6öÆÆV7F—fR"À¢'W&Â#¢&‡GG3¢òö÷Væ6öÆÆV7F—fRæ6öÒö'&÷w6W'6Æ—7B ¢ÒÀ¢°¢'G—R#¢'F–FVÆ–gB"À¢'W&Â#¢&‡GG3¢ò÷F–FVÆ–gBæ6öÒögVæF–æröv—F‡V"öçÒö'&÷w6W'6Æ—7B ¢ÒÀ¢°¢'G—R#¢&v—F‡V""À¢'W&Â#¢&‡GG3¢òöv—F‡V"æ6öÒ÷7öç6÷'2ö’ ¢Ð¢ÒÀ¢&Æ–6Vç6R#¢$Ô•B"À¢&FWVæFVæ6–W2#¢°¢&W66ÆFR#¢%ã2ã"ã"À¢'–6ö6öÆ÷'2#¢%ããã ¢ÒÀ¢&&–â#¢°¢'WFFRÖ'&÷w6W'6Æ—7BÖF"#¢&6Æ’æ§2 ¢ÒÀ¢'VW$FWVæFVæ6–W2#¢°¢&'&÷w6W'6Æ—7B#¢#ãÒBã#ã ¢Ð¢ÒÀ¢&æöFUöÖöGVÆW2÷W&’Ö§2#¢°¢'fW'6–öâ#¢#BãBã"À¢'&W6öÇfVB#¢&‡GG3¢ò÷&Vv—7G'’æçÖ§2æ÷&r÷W&’Ö§2òÒ÷W&’Ö§2ÓBãBãçFw¢"À¢&–çFVw&—G’#¢'6†S"Ów$µW—“35–3“‡DÔÇGuƒ”cuD–evÅs–Fó…vÃ–“6T†–VVƒ„†eTÃ&dÕ„³g£3†V4·3–g$7TÄ§fæD&sÓÒ"À¢&FWb#¢G'VRÀ¢&Æ–6Vç6R#¢$%4BÓ"Ô6ÆW6R"À¢&FWVæFVæ6–W2#¢°¢'Vç–6öFR#¢%ã"ãã ¢Ð¢ÒÀ¢&æöFUöÖöGVÆW2÷WF–ÂÖFW&V6FR#¢°¢'fW'6–öâ#¢#ãã""À¢'&W6öÇfVB#¢&‡GG3¢ò÷&Vv—7G'’æçÖ§2æ÷&r÷WF–ÂÖFW&V6FRòÒ÷WF–ÂÖFW&V6FRÓãã"çFw¢"À¢&–çFVw&—G’#¢'6†S"ÔUCWU‡”g„§7$Æä63ä†ç6tödE¤&ö4–”“%F44ud4£T¤DÖt7¤–µ„ç5U–dCF²òôÅDU‡†”–'$‡F7sÓÒ"À¢&FWb#¢G'VRÀ¢&Æ–6Vç6R#¢$Ô•B ¢ÒÀ¢&æöFUöÖöGVÆW2÷f—FR#¢°¢'fW'6–öâ#¢#‚ã"ã"À¢'&W6öÇfVB#¢&‡GG3¢ò÷&Vv—7G'’æçÖ§2æ÷&r÷f—FRòÒ÷f—FRÓ‚ã"ãçFw¢"À¢&–çFVw&—G’#¢'6†S"ÔURöU3t$ƒ5…$ô†ƒ%–ä&Vf¤ÓdD$´e¦TÕ¤U•&£täÅvsWt…–Æ„#„"ôÖ–CU‡6uw´äe–64DõFVÕ'DUEu#d¶öÇsÓÒ"À¢&FWb#¢G'VRÀ¢&Æ–6Vç6R#¢$Ô•B"À¢&FWVæFVæ6–W2#¢°¢&Æ–v‡Fæ–æv772#¢%ãã32ã"À¢'–6öÖF6‚#¢%ãBããR"À¢'÷7F772#¢%ã‚ãRã#R"À¢'&öÆÆF÷vâ#¢'ãã"ã"À¢'F–ç–vÆö&'’#¢%ãã"ãr ¢ÒÀ¢&&–â#¢°¢'f—FR#¢&&–â÷f—FRæ§2 ¢ÒÀ¢&Væv–æW2#¢°¢&æöFR#¢%ã#ã’ãÇÂãÓ#"ã"ã ¢ÒÀ¢&gVæF–ær#¢°¢'W&Â#¢&‡GG3¢òöv—F‡V"æ6öÒ÷f—FV§2÷f—FS÷7öç6÷#Ó ¢ÒÀ¢&÷F–öæÄFWVæFVæ6–W2#¢°¢&g6WfVçG2#¢'ã"ã2ã2 ¢ÒÀ¢'VW$FWVæFVæ6–W2#¢°¢$G—W2öæöFR#¢%ã#ã’ãÇÂãÓ#"ã"ã"À¢$f—FV§2öFWgFööÇ2#¢%ããBã"À¢&W6'V–ÆB#¢%ãã#rãÇÂãã#‚ã"À¢&¦—F’#¢#ãÓã#ã"À¢&ÆW72#¢%ãBãã"À¢'672#¢%ããsã"À¢'672ÖVÖ&VFFVB#¢%ããsã"À¢'7G–ÇW2#¢#ãÓãSBã‚"À¢'7Vv'72#¢%ãRãã"À¢'FW'6W"#¢%ãRãbã"À¢'G7‚#¢%ãBã‚ã"À¢'–ÖÂ#¢%ã"ãBã" ¢ÒÀ¢'VW$FWVæFVæ6–W4ÖWF#¢°¢$G—W2öæöFR#¢°¢&÷F–öæÂ#¢G'VP¢ÒÀ¢$f—FV§2öFWgFööÇ2#¢°¢&÷F–öæÂ#¢G'VP¢ÒÀ¢&W6'V–ÆB#¢°¢&÷F–öæÂ#¢G'VP¢ÒÀ¢&¦—F’#¢°¢&÷F–öæÂ#¢G'VP¢ÒÀ¢&ÆW72#¢°¢&÷F–öæÂ#¢G'VP¢ÒÀ¢'672#¢°¢&÷F–öæÂ#¢G'VP¢ÒÀ¢'672ÖVÖ&VFFVB#¢°¢&÷F–öæÂ#¢G'VP¢ÒÀ¢'7G–ÇW2#¢°¢&÷F–öæÂ#¢G'VP¢ÒÀ¢'7Vv'72#¢°¢&÷F–öæÂ#¢G'VP¢ÒÀ¢'FW'6W"#¢°¢&÷F–öæÂ#¢G'VP¢ÒÀ¢'G7‚#¢°¢&÷F–öæÂ#¢G'VP¢ÒÀ¢'–ÖÂ#¢°¢&÷F–öæÂ#¢G'VP¢Ð¢Ð¢ÒÀ¢&æöFUöÖöGVÆW2÷f—FRöæöFUöÖöGVÆW2÷–6öÖF6‚#¢°¢'fW'6–öâ#¢#BããR"À¢'&W6öÇfVB#¢&‡GG3¢ò÷&Vv—7G'’æçÖ§2æ÷&r÷–6öÖF6‚òÒ÷–6öÖF6‚ÓBããRçFw¢"À¢&–çFVw&—G’#¢'6†S"Õ'gwv7'Tæ¤“æ5CW…&¶W•3”Æc†Æ4—Gc3D´B¶–bµdƒ–¶GT–e”&—vƒ##sG‡FVä•£’õ#”&ED&†tu6ƒÓÒ"À¢&FWb#¢G'VRÀ¢&Æ–6Vç6R#¢$Ô•B"À¢&Væv–æW2#¢°¢&æöFR#¢#ãÓ" ¢ÒÀ¢&gVæF–ær#¢°¢'W&Â#¢&‡GG3¢òöv—F‡V"æ6öÒ÷7öç6÷'2ö¦öç66†Æ–æ¶W'B ¢Ð¢ÒÀ¢&æöFUöÖöGVÆW2÷f—FW7B#¢°¢'fW'6–öâ#¢#Bãã"À¢'&W6öÇfVB#¢&‡GG3¢ò÷&Vv—7G'’æçÖ§2æ÷&r÷f—FW7BòÒ÷f—FW7BÓBããçFw¢"À¢&–çFVw&—G’#¢'6†S"Õ#–¥UFSU3E#„6CEDç3vôv7$×74Õ$u„ÅsƒV&¥w5s•dƒTtc‡““4dÅ“”'6³fçCä÷ƒDƒEtä¥•£4uUsÓÒ"À¢&FWb#¢G'VRÀ¢&Æ–6Vç6R#¢$Ô•B"À¢&FWVæFVæ6–W2#¢°¢$f—FW7BöW‡V7B#¢#Bãã"À¢$f—FW7BöÖö6¶W"#¢#Bãã"À¢$f—FW7B÷&WGG’Öf÷&ÖB#¢#Bãã"À¢$f—FW7B÷'VææW"#¢#Bãã"À¢$f—FW7B÷6æ6†÷B#¢#Bãã"À¢$f—FW7B÷7’#¢#Bãã"À¢$f—FW7B÷WF–Ç2#¢#Bãã"À¢&W2ÖÖöGVÆRÖÆW†W"#¢%ã"ãã"À¢&W‡V7B×G—R#¢%ãã2ã"À¢&Öv–2×7G&–ær#¢%ãã3ã#"À¢&ö'Vr#¢%ã"ãã"À¢'F†R#¢%ã"ãã2"À¢'–6öÖF6‚#¢%ãBãã2"À¢'7FBÖVçb#¢%ãBãã×&2ã"À¢'F–ç–&Væ6‚#¢%ã"ã’ã"À¢'F–ç–W†V2#¢%ããã""À¢'F–ç–vÆö&'’#¢%ãã"ãR"À¢'F–ç—&–æ&÷r#¢%ã2ãã"À¢'f—FR#¢%ãbããÇÂãrããÇÂã‚ãã"À¢'v‡’Ö—2ÖæöFR×'Vææ–ær#¢%ã"ã2ã ¢ÒÀ¢&&–â#¢°¢'f—FW7B#¢'f—FW7BæÖ§2 ¢ÒÀ¢&Væv–æW2#¢°¢&æöFR#¢%ã#ããÇÂã#"ããÇÂãÓ#Bãã ¢ÒÀ¢&gVæF–ær#¢°¢'W&Â#¢&‡GG3¢òö÷Væ6öÆÆV7F—fRæ6öÒ÷f—FW7B ¢ÒÀ¢'VW$FWVæFVæ6–W2#¢°¢$VFvR×'VçF–ÖR÷fÒ#¢"¢"À¢$÷VçFVÆVÖWG'’ö’#¢%ãã’ã"À¢$G—W2öæöFR#¢%ã#ããÇÂã#"ããÇÂãÓ#Bãã"À¢$f—FW7Bö'&÷w6W"×Æ—w&–v‡B#¢#Bãã"À¢$f—FW7Bö'&÷w6W"×&Wf–Wr#¢#Bãã"À¢$f—FW7Bö'&÷w6W"×vV&G&—fW&–ò#¢#Bãã"À¢$f—FW7Bö6÷fW&vRÖ—7Fæ'VÂ#¢#Bãã"À¢$f—FW7Bö6÷fW&vR×c‚#¢#Bãã"À¢$f—FW7B÷V’#¢#Bãã"À¢&†’ÖFöÒ#¢"¢"À¢&§6FöÒ#¢"¢"À¢'f—FR#¢%ãbããÇÂãrããÇÂã‚ãã ¢ÒÀ¢'VW$FWVæFVæ6–W4ÖWF#¢°¢$VFvR×'VçF–ÖR÷fÒ#¢°¢&÷F–öæÂ#¢G'VP¢ÒÀ¢$÷VçFVÆVÖWG'’ö’#¢°¢&÷F–öæÂ#¢G'VP¢ÒÀ¢$G—W2öæöFR#¢°¢&÷F–öæÂ#¢G'VP¢ÒÀ¢$f—FW7Bö'&÷w6W"×Æ—w&–v‡B#¢°¢&÷F–öæÂ#¢G'VP¢ÒÀ¢$f—FW7Bö'&÷w6W"×&Wf–Wr#¢°¢&÷F–öæÂ#¢G'VP¢ÒÀ¢$f—FW7Bö'&÷w6W"×vV&G&—fW&–ò#¢°¢&÷F–öæÂ#¢G'VP¢ÒÀ¢$f—FW7Bö6÷fW&vRÖ—7Fæ'VÂ#¢°¢&÷F–öæÂ#¢G'VP¢ÒÀ¢$f—FW7Bö6÷fW&vR×c‚#¢°¢&÷F–öæÂ#¢G'VP¢ÒÀ¢$f—FW7B÷V’#¢°¢&÷F–öæÂ#¢G'VP¢ÒÀ¢&†’ÖFöÒ#¢°¢&÷F–öæÂ#¢G'VP¢ÒÀ¢&§6FöÒ#¢°¢&÷F–öæÂ#¢G'VP¢ÒÀ¢'f—FR#¢°¢&÷F–öæÂ#¢fÇ6P¢Ð¢Ð¢ÒÀ¢&æöFUöÖöGVÆW2÷f—FW7BöæöFUöÖöGVÆW2÷–6öÖF6‚#¢°¢'fW'6–öâ#¢#BããR"À¢'&W6öÇfVB#¢&‡GG3¢ò÷&Vv—7G'’æçÖ§2æ÷&r÷–6öÖF6‚òÒ÷–6öÖF6‚ÓBããRçFw¢"À¢&–çFVw&—G’#¢'6†S"Õ'gwv7'Tæ¤“æ5CW…&¶W•3”Æc†Æ4—Gc3D´B¶–bµdƒ–¶GT–e”&—vƒ##sG‡FVä•£’õ#”&ED&†tu6ƒÓÒ"À¢&FWb#¢G'VRÀ¢&Æ–6Vç6R#¢$Ô•B"À¢&Væv–æW2#¢°¢&æöFR#¢#ãÓ" ¢ÒÀ¢&gVæF–ær#¢°¢'W&Â#¢&‡GG3¢òöv—F‡V"æ6öÒ÷7öç6÷'2ö¦öç66†Æ–æ¶W'B ¢Ð¢ÒÀ¢&æöFUöÖöGVÆW2÷s62×†ÖÇ6W&–Æ—¦W"#¢°¢'fW'6–öâ#¢#Rãã"À¢'&W6öÇfVB#¢&‡GG3¢ò÷&Vv—7G'’æçÖ§2æ÷&r÷s62×†ÖÇ6W&–Æ—¦W"òÒ÷s62×†ÖÇ6W&–Æ—¦W"ÓRããçFw¢"À¢&–çFVw&—G’#¢'6†S"Öó‡v†Ä“„å¤…SÄÅ'“"µWv&ƒDtu”æÆÇ¥w‡•wFT¤ô77"õ¶õ$C•DôÇSTeE¤óFC4c”Öåt¦f”ÖóD&¶ÔÓÒ"À¢&FWb#¢G'VRÀ¢&Æ–6Vç6R#¢$Ô•B"À¢&FWVæFVæ6–W2#¢°¢'†ÖÂÖæÖR×fÆ–FF÷"#¢%ãRãã ¢ÒÀ¢&Væv–æW2#¢°¢&æöFR#¢#ãÓ‚ ¢Ð¢ÒÀ¢&æöFUöÖöGVÆW2÷vV&–FÂÖ6öçfW'6–öç2#¢°¢'fW'6–öâ#¢#‚ãã"À¢'&W6öÇfVB#¢&‡GG3¢ò÷&Vv—7G'’æçÖ§2æ÷&r÷vV&–FÂÖ6öçfW'6–öç2òÒ÷vV&–FÂÖ6öçfW'6–öç2Ó‚ããçFw¢"À¢&–çFVw&—G’#¢'6†S"Ô$Ö„ÄBõ7r´v$¤3#2õVw–¥ƒCåC†%UFr¶¥w”FVsvSu”ãG„ôÓU•4•†6T6å…gG”WrôÄÔ6ÅU×DÕ¢µtwÓÒ"À¢&FWb#¢G'VRÀ¢&Æ–6Vç6R#¢$%4BÓ"Ô6ÆW6R"À¢&Væv–æW2#¢°¢&æöFR#¢#ãÓ# ¢Ð¢ÒÀ¢&æöFUöÖöGVÆW2÷v†GvrÖÖ–ÖWG—R#¢°¢'fW'6–öâ#¢#Rãã"À¢'&W6öÇfVB#¢&‡GG3¢ò÷&Vv—7G'’æçÖ§2æ÷&r÷v†GvrÖÖ–ÖWG—RòÒ÷v†GvrÖÖ–ÖWG—RÓRããçFw¢"À¢&–çFVw&—G’#¢'6†S"×5†4æ4„ô3SUtcôCDågG&¶¥5S&dç6Ó––ösE§e¤§4Ã7&¦ôD¥…¦†¶Ó$ÕwC’µVFvt´•fôÔ•–73s‡t£S7sÓÒ"À¢&FWb#¢G'VRÀ¢&Æ–6Vç6R#¢$Ô•B"À¢&Væv–æW2#¢°¢&æöFR#¢#ãÓ# ¢Ð¢ÒÀ¢&æöFUöÖöGVÆW2÷v†Gvr×W&Â#¢°¢'fW'6–öâ#¢#rãã"À¢'&W6öÇfVB#¢&‡GG3¢ò÷&Vv—7G'’æçÖ§2æ÷&r÷v†Gvr×W&ÂòÒ÷v†Gvr×W&ÂÓrããçFw¢"À¢&–çFVw&—G’#¢'6†S"Ó4vWv÷%Ö3%¦dTT…vÄV%Vd%‚ôÃsWvDW6“$Äæ…†5‡†æôãV§—4ÃVt7“e4us&7•D•¦EGet”Eå÷¦²·d¶VsÓÒ"À¢&FWb#¢G'VRÀ¢&Æ–6Vç6R#¢$Ô•B"À¢&FWVæFVæ6–W2#¢°¢$W†öGW2ö'—FW2#¢%ããRã"À¢'G#Cb#¢%ãbãã"À¢'vV&–FÂÖ6öçfW'6–öç2#¢%ã‚ãã ¢ÒÀ¢&Væv–æW2#¢°¢&æöFR#¢%ã#"ãBãÇÂãÓ#Bãã ¢Ð¢ÒÀ¢&æöFUöÖöGVÆW2÷v†–6‚#¢°¢'fW'6–öâ#¢#"ãã""À¢'&W6öÇfVB#¢&‡GG3¢ò÷&Vv—7G'’æçÖ§2æ÷&r÷v†–6‚òÒ÷v†–6‚Ó"ãã"çFw¢"À¢&–çFVw&—G’#¢'6†S"Ô$Ä“5FÃEs5fÃsÃ7—5“cF’¶wu‡4t%•v¶·×Fæ%†w$ÔB·–£w&…s·TTG‡¤¦•„v¤UsVöv´äÔT´äÖ¦–$ÓÒ"À¢&FWb#¢G'VRÀ¢&Æ–6Vç6R#¢$•42"À¢&FWVæFVæ6–W2#¢°¢&—6W†R#¢%ã"ãã ¢ÒÀ¢&&–â#¢°¢&æöFR×v†–6‚#¢&&–âöæöFR×v†–6‚ ¢ÒÀ¢&Væv–æW2#¢°¢&æöFR#¢#ãÒ‚ ¢Ð¢ÒÀ¢&æöFUöÖöGVÆW2÷v‡’Ö—2ÖæöFR×'Vææ–ær#¢°¢'fW'6–öâ#¢#"ã2ã"À¢'&W6öÇfVB#¢&‡GG3¢ò÷&Vv—7G'’æçÖ§2æ÷&r÷v‡’Ö—2ÖæöFR×'Vææ–æròÒ÷v‡’Ö—2ÖæöFR×'Vææ–ærÓ"ã2ãçFw¢"À¢&–çFVw&—G’#¢'6†S"Ö…W&Öt&EdF7‡e—ç–ƒ—§Vä·¥$õv¦%¥F”ç“†D$V¦µ3vV„TE–%„£u‡fÆ×F'wUF6ÅV”—”â´7•…CEfÖ¶ó†dæÓ‡sÓÒ"À¢&FWb#¢G'VRÀ¢&Æ–6Vç6R#¢$Ô•B"À¢&FWVæFVæ6–W2#¢°¢'6–v–æfò#¢%ã"ãã"À¢'7F6¶&6²#¢#ãã" ¢ÒÀ¢&&–â#¢°¢'v‡’Ö—2ÖæöFR×'Vææ–ær#¢&6Æ’æ§2 ¢ÒÀ¢&Væv–æW2#¢°¢&æöFR#¢#ãÓ‚ ¢Ð¢ÒÀ¢&æöFUöÖöGVÆW2÷v÷&B×w&#¢°¢'fW'6–öâ#¢#ã"ãR"À¢'&W6öÇfVB#¢&‡GG3¢ò÷&Vv—7G'’æçÖ§2æ÷&r÷v÷&B×w&òÒ÷v÷&B×w&Óã"ãRçFw¢"À¢&–çFVw&—G’#¢'6†S"Ô$ã#$#VVÔÔ“•T×F§$vCVsVT5•5EW“d¥†%—6CW¥—†¤dö6µ3S55DS7vµfõw……f#4'%–4TãEGvST#V4ÓÒ"À¢&FWb#¢G'VRÀ¢&Æ–6Vç6R#¢$Ô•B"À¢&Væv–æW2#¢°¢&æöFR#¢#ãÓãã ¢Ð¢ÒÀ¢&æöFUöÖöGVÆW2÷†ÖÂÖæÖR×fÆ–FF÷"#¢°¢'fW'6–öâ#¢#Rãã"À¢'&W6öÇfVB#¢&‡GG3¢ò÷&Vv—7G'’æçÖ§2æ÷&r÷†ÖÂÖæÖR×fÆ–FF÷"òÒ÷†ÖÂÖæÖR×fÆ–FF÷"ÓRããçFw¢"À¢&–çFVw&—G’#¢'6†S"ÔWdt³„T£4F††f%&ÄUDõt3Wó”Õ¤•FVT„´§–#‡w–¥VeVVæ´–s$×dÄEE£EBõFt–6Ó4…SDd&uuv&ô£3T†sÓÒ"À¢&FWb#¢G'VRÀ¢&Æ–6Vç6R#¢$6†RÓ"ã"À¢&Væv–æW2#¢°¢&æöFR#¢#ãÓ‚ ¢Ð¢ÒÀ¢&æöFUöÖöGVÆW2÷†ÖÆ6†'2#¢°¢'fW'6–öâ#¢#"ã"ã"À¢'&W6öÇfVB#¢&‡GG3¢ò÷&Vv—7G'’æçÖ§2æ÷&r÷†ÖÆ6†'2òÒ÷†ÖÆ6†'2Ó"ã"ãçFw¢"À¢&–çFVw&—G’#¢'6†S"Ô¥¦äD´³„#$4GsƒDdæDD—¤²´§T§r·3tÇ£†æ·4“u4—US5U„¤§6ÅWF‡6’·Ut%U”÷ugususu$Å&eT·†§F¤d7sÓÒ"À¢&FWb#¢G'VRÀ¢&Æ–6Vç6R#¢$Ô•B ¢ÒÀ¢&æöFUöÖöGVÆW2÷–ÆÆ—7B#¢°¢'fW'6–öâ#¢#2ãã"À¢'&W6öÇfVB#¢&‡GG3¢ò÷&Vv—7G'’æçÖ§2æ÷&r÷–ÆÆ—7BòÒ÷–ÆÆ—7BÓ2ããçFw¢"À¢&–çFVw&—G’#¢'6†S"ÖETuuƒS–Ôõ…U–äs&Wvæ53F“DcC5Gc4¦ôÒ·3%dDÕ3”ç4³„wDÔÇ$4…·4eCvƒ4³eDöõTæã'#u&õ‡ƒFsÓÒ"À¢&FWb#¢G'VRÀ¢&Æ–6Vç6R#¢$•42 ¢ÒÀ¢&æöFUöÖöGVÆW2÷–ÖÂ#¢°¢'fW'6–öâ#¢#"ã’ã"À¢'&W6öÇfVB#¢&‡GG3¢ò÷&Vv—7G'’æçÖ§2æ÷&r÷–ÖÂòÒ÷–ÖÂÓ"ã’ãçFw¢"À¢&–çFVw&—G’#¢'6†S"Ó$f„åƒ6Ö#‡¦Ce§“t”åGE7ÃcT…sevç£7%vÆ´´Æ7–ÂötÔ”Ô¦——Tw$¶T“%”g…U¦FÄ"³4Æ36TÔÇDÃF4ÓÒ"À¢&FWb#¢G'VRÀ¢&Æ–6Vç6R#¢$•42"À¢&&–â#¢°¢'–ÖÂ#¢&&–âæÖ§2 ¢ÒÀ¢&Væv–æW2#¢°¢&æöFR#¢#ãÒBãb ¢ÒÀ¢&gVæF–ær#¢°¢'W&Â#¢&‡GG3¢òöv—F‡V"æ6öÒ÷7öç6÷'2öVVÖVÆ’ ¢Ð¢ÒÀ¢&æöFUöÖöGVÆW2÷–ö7Fò×VWVR#¢°¢'fW'6–öâ#¢#ãã"À¢'&W6öÇfVB#¢&‡GG3¢ò÷&Vv—7G'’æçÖ§2æ÷&r÷–ö7Fò×VWVRòÒ÷–ö7Fò×VWVRÓããçFw¢"À¢&–çFVw&—G’#¢'6†S"×%f·7g6ää6D¢öö„v3g†uw”ã†V†T7‡6”ÄÓ†×‡TR÷BöÔõg¦WuTóÖ”ÇD…•&uD´4ÆW„ÃDÖTefwG3t†Ôå£%ÓÒ"À¢&FWb#¢G'VRÀ¢&Æ–6Vç6R#¢$Ô•B"À¢&Væv–æW2#¢°¢&æöFR#¢#ãÓ ¢ÒÀ¢&gVæF–ær#¢°¢'W&Â#¢&‡GG3¢òöv—F‡V"æ6öÒ÷7öç6÷'2÷6–æG&W6÷&‡W2 ¢Ð¢ÒÀ¢&æöFUöÖöGVÆW2÷¦öB#¢°¢'fW'6–öâ#¢#BãBã2"À¢'&W6öÇfVB#¢&‡GG3¢ò÷&Vv—7G'’æçÖ§2æ÷&r÷¦öBòÒ÷¦öBÓBãBã2çFw¢"À¢&–çFVw&—G’#¢'6†S"×—DTäf¤”¤fÃ%Wu–vÆFS&¦6…s$‡vÓDt¤dÄF•5…vEG$¥$”ã”f7—vãDF‡„¤V•tä¤Õcô'verö¶¶ssTF4„§•EÓÒ"À¢&FWb#¢G'VRÀ¢&Æ–6Vç6R#¢$Ô•B"À¢&gVæF–ær#¢°¢'W&Â#¢&‡GG3¢òöv—F‡V"æ6öÒ÷7öç6÷'2ö6öÆ–æ†6·2 ¢Ð¢ÒÀ¢&æöFUöÖöGVÆW2÷¦öB×fÆ–FF–öâÖW'&÷"#¢°¢'fW'6–öâ#¢#Bãã""À¢'&W6öÇfVB#¢&‡GG3¢ò÷&Vv—7G'’æçÖ§2æ÷&r÷¦öB×fÆ–FF–öâÖW'&÷"òÒ÷¦öB×fÆ–FF–öâÖW'&÷"ÓBãã"çFw¢"À¢&–çFVw&—G’#¢'6†S"Õböå¤ÆSf§‡USƒ"óGT£GCWc%dU£CFÇ¥¥F…”¤ç§E%Gw•v3edc4C4¶"ödUWE¥æ…36†æ¤6c”75vW6v„ÅÓÒ"À¢&FWb#¢G'VRÀ¢&Æ–6Vç6R#¢$Ô•B"À¢&Væv–æW2#¢°¢&æöFR#¢#ãÓ‚ãã ¢ÒÀ¢'VW$FWVæFVæ6–W2#¢°¢'¦öB#¢%ã2ã#RãÇÂãBãã ¢Ð¢Ð¢Ð§Ð